PODS:
  - AFNetworking (3.2.1):
    - AFNetworking/NSURLSession (= 3.2.1)
    - AFNetworking/Reachability (= 3.2.1)
    - AFNetworking/Security (= 3.2.1)
    - AFNetworking/Serialization (= 3.2.1)
    - AFNetworking/UIKit (= 3.2.1)
  - AFNetworking/NSURLSession (3.2.1):
    - AFNetworking/Reachability
    - AFNetworking/Security
    - AFNetworking/Serialization
  - AFNetworking/Reachability (3.2.1)
  - AFNetworking/Security (3.2.1)
  - AFNetworking/Serialization (3.2.1)
  - AFNetworking/UIKit (3.2.1):
    - AFNetworking/NSURLSession
  - DGActivityIndicatorView (2.1.1)

DEPENDENCIES:
  - AFNetworking
  - DGActivityIndicatorView

SPEC REPOS:
  trunk:
    - AFNetworking
    - DGActivityIndicatorView

SPEC CHECKSUMS:
  AFNetworking: b6f891fdfaed196b46c7a83cf209e09697b94057
  DGActivityIndicatorView: ff2c76073d79692f724863c8dd38685866a03cb6

PODFILE CHECKSUM: 99f031a9aad2bf82eb4a0da46cfd42f4edcbd8f2

COCOAPODS: 1.8.4
